version = 1
revision = 1
requires-python = "==3.11.3"

[[package]]
name = "aiohttp"
version = "3.9.3"
source = { registry = "https://pypi.org/simple" }
dependencies = [
    { name = "aiosignal" },
    { name = "attrs" },
    { name = "frozenlist" },
    { name = "multidict" },
    { name = "yarl" },
]
sdist = { url = "https://files.pythonhosted.org/packages/18/93/1f005bbe044471a0444a82cdd7356f5120b9cf94fe2c50c0cdbf28f1258b/aiohttp-3.9.3.tar.gz", hash = "sha256:90842933e5d1ff760fae6caca4b2b3edba53ba8f4b71e95dacf2818a2aca06f7", size = 7499669 }
wheels = [
    { url = "https://files.pythonhosted.org/packages/19/bc/cfb51d97646cd67cebd90f0b5b0bebe063ebc8efd93e888b0aed9d74a549/aiohttp-3.9.3-cp311-cp311-macosx_10_9_universal2.whl", hash = "sha256:6b88f9386ff1ad91ace19d2a1c0225896e28815ee09fc6a8932fded8cda97c3d", size = 595014 },
    { url = "https://files.pythonhosted.org/packages/46/57/9959621366c272f05c95f6cf795ebde9edc22c718e61bae1f565a4832b86/aiohttp-3.9.3-cp311-cp311-macosx_10_9_x86_64.whl", hash = "sha256:c46956ed82961e31557b6857a5ca153c67e5476972e5f7190015018760938da2", size = 398486 },
    { url = "https://files.pythonhosted.org/packages/d3/b0/efb74d5f92a460c774e0254b3109c2d00fd3a1553f98363abb2b25cac9a3/aiohttp-3.9.3-cp311-cp311-macosx_11_0_arm64.whl", hash = "sha256:07b837ef0d2f252f96009e9b8435ec1fef68ef8b1461933253d318748ec1acdc", size = 387713 },
    { url = "https://files.pythonhosted.org/packages/3d/90/6ea3249e4570df575e1aa348b37b7ac1074482c2fab46a1ee84392cbc02e/aiohttp-3.9.3-cp311-cp311-manylinux_2_17_aarch64.manylinux2014_aarch64.whl", hash = "sha256:dad46e6f620574b3b4801c68255492e0159d1712271cc99d8bdf35f2043ec266", size = 1310813 },
    { url = "https://files.pythonhosted.org/packages/be/5c/abb04824e97346a406349a6be4c8ea0a981b0d8bf472ee417ef83b5b5601/aiohttp-3.9.3-cp311-cp311-manylinux_2_17_ppc64le.manylinux2014_ppc64le.whl", hash = "sha256:5ed3e046ea7b14938112ccd53d91c1539af3e6679b222f9469981e3dac7ba1ce", size = 1347372 },
    { url = "https://files.pythonhosted.org/packages/10/11/93c1f592e555f3db46226674b8c84b7c84c6fc19a0efdc8af9185a8e0fc8/aiohttp-3.9.3-cp311-cp311-manylinux_2_17_s390x.manylinux2014_s390x.whl", hash = "sha256:039df344b45ae0b34ac885ab5b53940b174530d4dd8a14ed8b0e2155b9dddccb", size = 1384337 },
    { url = "https://files.pythonhosted.org/packages/84/bb/74c9f32e1a76fab04b54ed6cd4b0dc4a07bd9dc6f3bb37f630149a9c3068/aiohttp-3.9.3-cp311-cp311-manylinux_2_17_x86_64.manylinux2014_x86_64.whl", hash = "sha256:7943c414d3a8d9235f5f15c22ace69787c140c80b718dcd57caaade95f7cd93b", size = 1295219 },
    { url = "https://files.pythonhosted.org/packages/51/00/946624cb603d4433fab1f1f708aca9dd178349f9fe7956bd8eb4b08a377d/aiohttp-3.9.3-cp311-cp311-manylinux_2_5_i686.manylinux1_i686.manylinux_2_17_i686.manylinux2014_i686.whl", hash = "sha256:84871a243359bb42c12728f04d181a389718710129b36b6aad0fc4655a7647d4", size = 1255557 },
    { url = "https://files.pythonhosted.org/packages/b7/e0/661d5b21fd9ca5bfb7f89373430298ed6c0c1e84270a3f8fda5172a95700/aiohttp-3.9.3-cp311-cp311-musllinux_1_1_aarch64.whl", hash = "sha256:5eafe2c065df5401ba06821b9a054d9cb2848867f3c59801b5d07a0be3a380ae", size = 1316527 },
    { url = "https://files.pythonhosted.org/packages/1d/44/b0df11b0dc36ca2880c9a3a2a73f084290dafdf7451f43f6bce1d25a0925/aiohttp-3.9.3-cp311-cp311-musllinux_1_1_i686.whl", hash = "sha256:9d3c9b50f19704552f23b4eaea1fc082fdd82c63429a6506446cbd8737823da3", size = 1264946 },
    { url = "https://files.pythonhosted.org/packages/60/17/bf9e80ec684ba8576dd3577a6562bff40c9bac9e4068f81aa3b9e66b008e/aiohttp-3.9.3-cp311-cp311-musllinux_1_1_ppc64le.whl", hash = "sha256:f033d80bc6283092613882dfe40419c6a6a1527e04fc69350e87a9df02bbc283", size = 1344296 },
    { url = "https://files.pythonhosted.org/packages/ae/b1/34f3deb33ee7f5c573076021b581b875c7e364973d1852b3207265269f78/aiohttp-3.9.3-cp311-cp311-musllinux_1_1_s390x.whl", hash = "sha256:2c895a656dd7e061b2fd6bb77d971cc38f2afc277229ce7dd3552de8313a483e", size = 1386936 },
    { url = "https://files.pythonhosted.org/packages/42/ea/720d6d99462d91c7ff8a1d5602fbad2c1e9af232014fb8ac07611a5e54e3/aiohttp-3.9.3-cp311-cp311-musllinux_1_1_x86_64.whl", hash = "sha256:1f5a71d25cd8106eab05f8704cd9167b6e5187bcdf8f090a66c6d88b634802b4", size = 1300013 },
    { url = "https://files.pythonhosted.org/packages/a8/89/f35fbdcd20166eb2ab39de874712310866e2e8349c4a4dfc0b82fe5b8a67/aiohttp-3.9.3-cp311-cp311-win32.whl", hash = "sha256:50fca156d718f8ced687a373f9e140c1bb765ca16e3d6f4fe116e3df7c05b2c5", size = 345188 },
    { url = "https://files.pythonhosted.org/packages/a3/59/cd5e456835df696e6307c8b045acfada1557ac822d527c27bb33c1308091/aiohttp-3.9.3-cp311-cp311-win_amd64.whl", hash = "sha256:5fe9ce6c09668063b8447f85d43b8d1c4e5d3d7e92c63173e6180b2ac5d46dd8", size = 365345 },
]

[[package]]
name = "aiosignal"
version = "1.3.2"
source = { registry = "https://pypi.org/simple" }
dependencies = [
    { name = "frozenlist" },
]
sdist = { url = "https://files.pythonhosted.org/packages/ba/b5/6d55e80f6d8a08ce22b982eafa278d823b541c925f11ee774b0b9c43473d/aiosignal-1.3.2.tar.gz", hash = "sha256:a8c255c66fafb1e499c9351d0bf32ff2d8a0321595ebac3b93713656d2436f54", size = 19424 }
wheels = [
    { url = "https://files.pythonhosted.org/packages/ec/6a/bc7e17a3e87a2985d3e8f4da4cd0f481060eb78fb08596c42be62c90a4d9/aiosignal-1.3.2-py2.py3-none-any.whl", hash = "sha256:45cde58e409a301715980c2b01d0c28bdde3770d8290b5eb2173759d9acb31a5", size = 7597 },
]

[[package]]
name = "annotated-types"
version = "0.7.0"
source = { registry = "https://pypi.org/simple" }
sdist = { url = "https://files.pythonhosted.org/packages/ee/67/531ea369ba64dcff5ec9c3402f9f51bf748cec26dde048a2f973a4eea7f5/annotated_types-0.7.0.tar.gz", hash = "sha256:aff07c09a53a08bc8cfccb9c85b05f1aa9a2a6f23728d790723543408344ce89", size = 16081 }
wheels = [
    { url = "https://files.pythonhosted.org/packages/78/b6/6307fbef88d9b5ee7421e68d78a9f162e0da4900bc5f5793f6d3d0e34fb8/annotated_types-0.7.0-py3-none-any.whl", hash = "sha256:1f02e8b43a8fbbc3f3e0d4f0f4bfc8131bcb4eebe8849b8e5c773f3a1c582a53", size = 13643 },
]

[[package]]
name = "anyio"
version = "4.9.0"
source = { registry = "https://pypi.org/simple" }
dependencies = [
    { name = "idna" },
    { name = "sniffio" },
    { name = "typing-extensions" },
]
sdist = { url = "https://files.pythonhosted.org/packages/95/7d/4c1bd541d4dffa1b52bd83fb8527089e097a106fc90b467a7313b105f840/anyio-4.9.0.tar.gz", hash = "sha256:673c0c244e15788651a4ff38710fea9675823028a6f08a5eda409e0c9840a028", size = 190949 }
wheels = [
    { url = "https://files.pythonhosted.org/packages/a1/ee/48ca1a7c89ffec8b6a0c5d02b89c305671d5ffd8d3c94acf8b8c408575bb/anyio-4.9.0-py3-none-any.whl", hash = "sha256:9f76d541cad6e36af7beb62e978876f3b41e3e04f2c1fbf0884604c0a9c4d93c", size = 100916 },
]

[[package]]
name = "apscheduler"
version = "3.11.0"
source = { registry = "https://pypi.org/simple" }
dependencies = [
    { name = "tzlocal" },
]
sdist = { url = "https://files.pythonhosted.org/packages/4e/00/6d6814ddc19be2df62c8c898c4df6b5b1914f3bd024b780028caa392d186/apscheduler-3.11.0.tar.gz", hash = "sha256:4c622d250b0955a65d5d0eb91c33e6d43fd879834bf541e0a18661ae60460133", size = 107347 }
wheels = [
    { url = "https://files.pythonhosted.org/packages/d0/ae/9a053dd9229c0fde6b1f1f33f609ccff1ee79ddda364c756a924c6d8563b/APScheduler-3.11.0-py3-none-any.whl", hash = "sha256:fc134ca32e50f5eadcc4938e3a4545ab19131435e851abb40b34d63d5141c6da", size = 64004 },
]

[[package]]
name = "attrs"
version = "25.3.0"
source = { registry = "https://pypi.org/simple" }
sdist = { url = "https://files.pythonhosted.org/packages/5a/b0/1367933a8532ee6ff8d63537de4f1177af4bff9f3e829baf7331f595bb24/attrs-25.3.0.tar.gz", hash = "sha256:75d7cefc7fb576747b2c81b4442d4d4a1ce0900973527c011d1030fd3bf4af1b", size = 812032 }
wheels = [
    { url = "https://files.pythonhosted.org/packages/77/06/bb80f5f86020c4551da315d78b3ab75e8228f89f0162f2c3a819e407941a/attrs-25.3.0-py3-none-any.whl", hash = "sha256:427318ce031701fea540783410126f03899a97ffc6f61596ad581ac2e40e3bc3", size = 63815 },
]

[[package]]
name = "boto3"
version = "1.35.23"
source = { registry = "https://pypi.org/simple" }
dependencies = [
    { name = "botocore" },
    { name = "jmespath" },
    { name = "s3transfer" },
]
sdist = { url = "https://files.pythonhosted.org/packages/09/31/aa8f565871e00264874bf220ab9913a168fe8acf8b19f7c1a344d1623104/boto3-1.35.23.tar.gz", hash = "sha256:3fbf1d5b749c92ed43aa190650979dff9f83790a42522e1e9eefa54c8e44bc4b", size = 108605 }
wheels = [
    { url = "https://files.pythonhosted.org/packages/2d/5f/94b0310a492dd97b70c927f67c189e339b5b09504bf251144eed913f766f/boto3-1.35.23-py3-none-any.whl", hash = "sha256:ecba4362f82e23ef775c72b3e6fdef3ef68443629b79e88886d5088302ffc050", size = 139156 },
]

[[package]]
name = "botocore"
version = "1.35.99"
source = { registry = "https://pypi.org/simple" }
dependencies = [
    { name = "jmespath" },
    { name = "python-dateutil" },
    { name = "urllib3" },
]
sdist = { url = "https://files.pythonhosted.org/packages/7c/9c/1df6deceee17c88f7170bad8325aa91452529d683486273928eecfd946d8/botocore-1.35.99.tar.gz", hash = "sha256:1eab44e969c39c5f3d9a3104a0836c24715579a455f12b3979a31d7cde51b3c3", size = 13490969 }
wheels = [
    { url = "https://files.pythonhosted.org/packages/fc/dd/d87e2a145fad9e08d0ec6edcf9d71f838ccc7acdd919acc4c0d4a93515f8/botocore-1.35.99-py3-none-any.whl", hash = "sha256:b22d27b6b617fc2d7342090d6129000af2efd20174215948c0d7ae2da0fab445", size = 13293216 },
]

[[package]]
name = "fastapi"
version = "0.110.0"
source = { registry = "https://pypi.org/simple" }
dependencies = [
    { name = "pydantic" },
    { name = "starlette" },
    { name = "typing-extensions" },
]
sdist = { url = "https://files.pythonhosted.org/packages/61/53/326977db62bf34bbdfc64acb9414e1881af7ea14e8a062fd1c11a8697616/fastapi-0.110.0.tar.gz", hash = "sha256:266775f0dcc95af9d3ef39bad55cff525329a931d5fd51930aadd4f428bf7ff3", size = 11739266 }
wheels = [
    { url = "https://files.pythonhosted.org/packages/f0/f7/ea860cb8aa18e326f411e32ab537424690a53db20de6bad73d70da611fae/fastapi-0.110.0-py3-none-any.whl", hash = "sha256:87a1f6fb632a218222c5984be540055346a8f5d8a68e8f6fb647b1dc9934de4b", size = 92066 },
]

[[package]]
name = "frozenlist"
version = "1.5.0"
source = { registry = "https://pypi.org/simple" }
sdist = { url = "https://files.pythonhosted.org/packages/8f/ed/0f4cec13a93c02c47ec32d81d11c0c1efbadf4a471e3f3ce7cad366cbbd3/frozenlist-1.5.0.tar.gz", hash = "sha256:81d5af29e61b9c8348e876d442253723928dce6433e0e76cd925cd83f1b4b817", size = 39930 }
wheels = [
    { url = "https://files.pythonhosted.org/packages/79/43/0bed28bf5eb1c9e4301003b74453b8e7aa85fb293b31dde352aac528dafc/frozenlist-1.5.0-cp311-cp311-macosx_10_9_universal2.whl", hash = "sha256:fd74520371c3c4175142d02a976aee0b4cb4a7cc912a60586ffd8d5929979b30", size = 94987 },
    { url = "https://files.pythonhosted.org/packages/bb/bf/b74e38f09a246e8abbe1e90eb65787ed745ccab6eaa58b9c9308e052323d/frozenlist-1.5.0-cp311-cp311-macosx_10_9_x86_64.whl", hash = "sha256:2f3f7a0fbc219fb4455264cae4d9f01ad41ae6ee8524500f381de64ffaa077d5", size = 54584 },
    { url = "https://files.pythonhosted.org/packages/2c/31/ab01375682f14f7613a1ade30149f684c84f9b8823a4391ed950c8285656/frozenlist-1.5.0-cp311-cp311-macosx_11_0_arm64.whl", hash = "sha256:f47c9c9028f55a04ac254346e92977bf0f166c483c74b4232bee19a6697e4778", size = 52499 },
    { url = "https://files.pythonhosted.org/packages/98/a8/d0ac0b9276e1404f58fec3ab6e90a4f76b778a49373ccaf6a563f100dfbc/frozenlist-1.5.0-cp311-cp311-manylinux_2_17_aarch64.manylinux2014_aarch64.whl", hash = "sha256:0996c66760924da6e88922756d99b47512a71cfd45215f3570bf1e0b694c206a", size = 276357 },
    { url = "https://files.pythonhosted.org/packages/ad/c9/c7761084fa822f07dac38ac29f841d4587570dd211e2262544aa0b791d21/frozenlist-1.5.0-cp311-cp311-manylinux_2_17_ppc64le.manylinux2014_ppc64le.whl", hash = "sha256:a2fe128eb4edeabe11896cb6af88fca5346059f6c8d807e3b910069f39157869", size = 287516 },
    { url = "https://files.pythonhosted.org/packages/a1/ff/cd7479e703c39df7bdab431798cef89dc75010d8aa0ca2514c5b9321db27/frozenlist-1.5.0-cp311-cp311-manylinux_2_17_s390x.manylinux2014_s390x.whl", hash = "sha256:1a8ea951bbb6cacd492e3948b8da8c502a3f814f5d20935aae74b5df2b19cf3d", size = 283131 },
    { url = "https://files.pythonhosted.org/packages/59/a0/370941beb47d237eca4fbf27e4e91389fd68699e6f4b0ebcc95da463835b/frozenlist-1.5.0-cp311-cp311-manylinux_2_5_i686.manylinux1_i686.manylinux_2_17_i686.manylinux2014_i686.whl", hash = "sha256:de537c11e4aa01d37db0d403b57bd6f0546e71a82347a97c6a9f0dcc532b3a45", size = 261320 },
    { url = "https://files.pythonhosted.org/packages/b8/5f/c10123e8d64867bc9b4f2f510a32042a306ff5fcd7e2e09e5ae5100ee333/frozenlist-1.5.0-cp311-cp311-manylinux_2_5_x86_64.manylinux1_x86_64.manylinux_2_17_x86_64.manylinux2014_x86_64.whl", hash = "sha256:9c2623347b933fcb9095841f1cc5d4ff0b278addd743e0e966cb3d460278840d", size = 274877 },
    { url = "https://files.pythonhosted.org/packages/fa/79/38c505601ae29d4348f21706c5d89755ceded02a745016ba2f58bd5f1ea6/frozenlist-1.5.0-cp311-cp311-musllinux_1_2_aarch64.whl", hash = "sha256:cee6798eaf8b1416ef6909b06f7dc04b60755206bddc599f52232606e18179d3", size = 269592 },
    { url = "https://files.pythonhosted.org/packages/19/e2/39f3a53191b8204ba9f0bb574b926b73dd2efba2a2b9d2d730517e8f7622/frozenlist-1.5.0-cp311-cp311-musllinux_1_2_i686.whl", hash = "sha256:f5f9da7f5dbc00a604fe74aa02ae7c98bcede8a3b8b9666f9f86fc13993bc71a", size = 265934 },
    { url = "https://files.pythonhosted.org/packages/d5/c9/3075eb7f7f3a91f1a6b00284af4de0a65a9ae47084930916f5528144c9dd/frozenlist-1.5.0-cp311-cp311-musllinux_1_2_ppc64le.whl", hash = "sha256:90646abbc7a5d5c7c19461d2e3eeb76eb0b204919e6ece342feb6032c9325ae9", size = 283859 },
    { url = "https://files.pythonhosted.org/packages/05/f5/549f44d314c29408b962fa2b0e69a1a67c59379fb143b92a0a065ffd1f0f/frozenlist-1.5.0-cp311-cp311-musllinux_1_2_s390x.whl", hash = "sha256:bdac3c7d9b705d253b2ce370fde941836a5f8b3c5c2b8fd70940a3ea3af7f4f2", size = 287560 },
    { url = "https://files.pythonhosted.org/packages/9d/f8/cb09b3c24a3eac02c4c07a9558e11e9e244fb02bf62c85ac2106d1eb0c0b/frozenlist-1.5.0-cp311-cp311-musllinux_1_2_x86_64.whl", hash = "sha256:03d33c2ddbc1816237a67f66336616416e2bbb6beb306e5f890f2eb22b959cdf", size = 277150 },
    { url = "https://files.pythonhosted.org/packages/37/48/38c2db3f54d1501e692d6fe058f45b6ad1b358d82cd19436efab80cfc965/frozenlist-1.5.0-cp311-cp311-win32.whl", hash = "sha256:237f6b23ee0f44066219dae14c70ae38a63f0440ce6750f868ee08775073f942", size = 45244 },
    { url = "https://files.pythonhosted.org/packages/ca/8c/2ddffeb8b60a4bce3b196c32fcc30d8830d4615e7b492ec2071da801b8ad/frozenlist-1.5.0-cp311-cp311-win_amd64.whl", hash = "sha256:0cc974cc93d32c42e7b0f6cf242a6bd941c57c61b618e78b6c0a96cb72788c1d", size = 51634 },
    { url = "https://files.pythonhosted.org/packages/c6/c8/a5be5b7550c10858fcf9b0ea054baccab474da77d37f1e828ce043a3a5d4/frozenlist-1.5.0-py3-none-any.whl", hash = "sha256:d994863bba198a4a518b467bb971c56e1db3f180a25c6cf7bb1949c267f748c3", size = 11901 },
]

[[package]]
name = "idna"
version = "3.10"
source = { registry = "https://pypi.org/simple" }
sdist = { url = "https://files.pythonhosted.org/packages/f1/70/7703c29685631f5a7590aa73f1f1d3fa9a380e654b86af429e0934a32f7d/idna-3.10.tar.gz", hash = "sha256:12f65c9b470abda6dc35cf8e63cc574b1c52b11df2c86030af0ac09b01b13ea9", size = 190490 }
wheels = [
    { url = "https://files.pythonhosted.org/packages/76/c6/c88e154df9c4e1a2a66ccf0005a88dfb2650c1dffb6f5ce603dfbd452ce3/idna-3.10-py3-none-any.whl", hash = "sha256:946d195a0d259cbba61165e88e65941f16e9b36ea6ddb97f00452bae8b1287d3", size = 70442 },
]

[[package]]
name = "jmespath"
version = "1.0.1"
source = { registry = "https://pypi.org/simple" }
sdist = { url = "https://files.pythonhosted.org/packages/00/2a/e867e8531cf3e36b41201936b7fa7ba7b5702dbef42922193f05c8976cd6/jmespath-1.0.1.tar.gz", hash = "sha256:90261b206d6defd58fdd5e85f478bf633a2901798906be2ad389150c5c60edbe", size = 25843 }
wheels = [
    { url = "https://files.pythonhosted.org/packages/31/b4/b9b800c45527aadd64d5b442f9b932b00648617eb5d63d2c7a6587b7cafc/jmespath-1.0.1-py3-none-any.whl", hash = "sha256:02e2e4cc71b5bcab88332eebf907519190dd9e6e82107fa7f83b1003a6252980", size = 20256 },
]

[[package]]
name = "multidict"
version = "6.4.3"
source = { registry = "https://pypi.org/simple" }
sdist = { url = "https://files.pythonhosted.org/packages/da/2c/e367dfb4c6538614a0c9453e510d75d66099edf1c4e69da1b5ce691a1931/multidict-6.4.3.tar.gz", hash = "sha256:3ada0b058c9f213c5f95ba301f922d402ac234f1111a7d8fd70f1b99f3c281ec", size = 89372 }
wheels = [
    { url = "https://files.pythonhosted.org/packages/16/e0/53cf7f27eda48fffa53cfd4502329ed29e00efb9e4ce41362cbf8aa54310/multidict-6.4.3-cp311-cp311-macosx_10_9_universal2.whl", hash = "sha256:f6f19170197cc29baccd33ccc5b5d6a331058796485857cf34f7635aa25fb0cd", size = 65259 },
    { url = "https://files.pythonhosted.org/packages/44/79/1dcd93ce7070cf01c2ee29f781c42b33c64fce20033808f1cc9ec8413d6e/multidict-6.4.3-cp311-cp311-macosx_10_9_x86_64.whl", hash = "sha256:f2882bf27037eb687e49591690e5d491e677272964f9ec7bc2abbe09108bdfb8", size = 38451 },
    { url = "https://files.pythonhosted.org/packages/f4/35/2292cf29ab5f0d0b3613fad1b75692148959d3834d806be1885ceb49a8ff/multidict-6.4.3-cp311-cp311-macosx_11_0_arm64.whl", hash = "sha256:fbf226ac85f7d6b6b9ba77db4ec0704fde88463dc17717aec78ec3c8546c70ad", size = 37706 },
    { url = "https://files.pythonhosted.org/packages/f6/d1/6b157110b2b187b5a608b37714acb15ee89ec773e3800315b0107ea648cd/multidict-6.4.3-cp311-cp311-manylinux_2_17_aarch64.manylinux2014_aarch64.whl", hash = "sha256:2e329114f82ad4b9dd291bef614ea8971ec119ecd0f54795109976de75c9a852", size = 226669 },
    { url = "https://files.pythonhosted.org/packages/40/7f/61a476450651f177c5570e04bd55947f693077ba7804fe9717ee9ae8de04/multidict-6.4.3-cp311-cp311-manylinux_2_17_armv7l.manylinux2014_armv7l.manylinux_2_31_armv7l.whl", hash = "sha256:1f4e0334d7a555c63f5c8952c57ab6f1c7b4f8c7f3442df689fc9f03df315c08", size = 223182 },
    { url = "https://files.pythonhosted.org/packages/51/7b/eaf7502ac4824cdd8edcf5723e2e99f390c879866aec7b0c420267b53749/multidict-6.4.3-cp311-cp311-manylinux_2_17_ppc64le.manylinux2014_ppc64le.whl", hash = "sha256:740915eb776617b57142ce0bb13b7596933496e2f798d3d15a20614adf30d229", size = 235025 },
    { url = "https://files.pythonhosted.org/packages/3b/f6/facdbbd73c96b67a93652774edd5778ab1167854fa08ea35ad004b1b70ad/multidict-6.4.3-cp311-cp311-manylinux_2_17_s390x.manylinux2014_s390x.whl", hash = "sha256:255dac25134d2b141c944b59a0d2f7211ca12a6d4779f7586a98b4b03ea80508", size = 231481 },
    { url = "https://files.pythonhosted.org/packages/70/57/c008e861b3052405eebf921fd56a748322d8c44dcfcab164fffbccbdcdc4/multidict-6.4.3-cp311-cp311-manylinux_2_17_x86_64.manylinux2014_x86_64.whl", hash = "sha256:d4e8535bd4d741039b5aad4285ecd9b902ef9e224711f0b6afda6e38d7ac02c7", size = 223492 },
    { url = "https://files.pythonhosted.org/packages/30/4d/7d8440d3a12a6ae5d6b202d6e7f2ac6ab026e04e99aaf1b73f18e6bc34bc/multidict-6.4.3-cp311-cp311-manylinux_2_5_i686.manylinux1_i686.manylinux_2_17_i686.manylinux2014_i686.whl", hash = "sha256:30c433a33be000dd968f5750722eaa0991037be0be4a9d453eba121774985bc8", size = 217279 },
    { url = "https://files.pythonhosted.org/packages/7f/e7/bca0df4dd057597b94138d2d8af04eb3c27396a425b1b0a52e082f9be621/multidict-6.4.3-cp311-cp311-musllinux_1_2_aarch64.whl", hash = "sha256:4eb33b0bdc50acd538f45041f5f19945a1f32b909b76d7b117c0c25d8063df56", size = 228733 },
    { url = "https://files.pythonhosted.org/packages/88/f5/383827c3f1c38d7c92dbad00a8a041760228573b1c542fbf245c37bbca8a/multidict-6.4.3-cp311-cp311-musllinux_1_2_armv7l.whl", hash = "sha256:75482f43465edefd8a5d72724887ccdcd0c83778ded8f0cb1e0594bf71736cc0", size = 218089 },
    { url = "https://files.pythonhosted.org/packages/36/8a/a5174e8a7d8b94b4c8f9c1e2cf5d07451f41368ffe94d05fc957215b8e72/multidict-6.4.3-cp311-cp311-musllinux_1_2_i686.whl", hash = "sha256:ce5b3082e86aee80b3925ab4928198450d8e5b6466e11501fe03ad2191c6d777", size = 225257 },
    { url = "https://files.pythonhosted.org/packages/8c/76/1d4b7218f0fd00b8e5c90b88df2e45f8af127f652f4e41add947fa54c1c4/multidict-6.4.3-cp311-cp311-musllinux_1_2_ppc64le.whl", hash = "sha256:e413152e3212c4d39f82cf83c6f91be44bec9ddea950ce17af87fbf4e32ca6b2", size = 234728 },
    { url = "https://files.pythonhosted.org/packages/64/44/18372a4f6273fc7ca25630d7bf9ae288cde64f29593a078bff450c7170b6/multidict-6.4.3-cp311-cp311-musllinux_1_2_s390x.whl", hash = "sha256:8aac2eeff69b71f229a405c0a4b61b54bade8e10163bc7b44fcd257949620618", size = 230087 },
    { url = "https://files.pythonhosted.org/packages/0f/ae/28728c314a698d8a6d9491fcacc897077348ec28dd85884d09e64df8a855/multidict-6.4.3-cp311-cp311-musllinux_1_2_x86_64.whl", hash = "sha256:ab583ac203af1d09034be41458feeab7863c0635c650a16f15771e1386abf2d7", size = 223137 },
    { url = "https://files.pythonhosted.org/packages/22/50/785bb2b3fe16051bc91c70a06a919f26312da45c34db97fc87441d61e343/multidict-6.4.3-cp311-cp311-win32.whl", hash = "sha256:1b2019317726f41e81154df636a897de1bfe9228c3724a433894e44cd2512378", size = 34959 },
    { url = "https://files.pythonhosted.org/packages/2f/63/2a22e099ae2f4d92897618c00c73a09a08a2a9aa14b12736965bf8d59fd3/multidict-6.4.3-cp311-cp311-win_amd64.whl", hash = "sha256:43173924fa93c7486402217fab99b60baf78d33806af299c56133a3755f69589", size = 38541 },
    { url = "https://files.pythonhosted.org/packages/96/10/7d526c8974f017f1e7ca584c71ee62a638e9334d8d33f27d7cdfc9ae79e4/multidict-6.4.3-py3-none-any.whl", hash = "sha256:59fe01ee8e2a1e8ceb3f6dbb216b09c8d9f4ef1c22c4fc825d045a147fa2ebc9", size = 10400 },
]

[[package]]
name = "propcache"
version = "0.3.1"
source = { registry = "https://pypi.org/simple" }
sdist = { url = "https://files.pythonhosted.org/packages/07/c8/fdc6686a986feae3541ea23dcaa661bd93972d3940460646c6bb96e21c40/propcache-0.3.1.tar.gz", hash = "sha256:40d980c33765359098837527e18eddefc9a24cea5b45e078a7f3bb5b032c6ecf", size = 43651 }
wheels = [
    { url = "https://files.pythonhosted.org/packages/90/0f/5a5319ee83bd651f75311fcb0c492c21322a7fc8f788e4eef23f44243427/propcache-0.3.1-cp311-cp311-macosx_10_9_universal2.whl", hash = "sha256:7f30241577d2fef2602113b70ef7231bf4c69a97e04693bde08ddab913ba0ce5", size = 80243 },
    { url = "https://files.pythonhosted.org/packages/ce/84/3db5537e0879942783e2256616ff15d870a11d7ac26541336fe1b673c818/propcache-0.3.1-cp311-cp311-macosx_10_9_x86_64.whl", hash = "sha256:43593c6772aa12abc3af7784bff4a41ffa921608dd38b77cf1dfd7f5c4e71371", size = 46503 },
    { url = "https://files.pythonhosted.org/packages/e2/c8/b649ed972433c3f0d827d7f0cf9ea47162f4ef8f4fe98c5f3641a0bc63ff/propcache-0.3.1-cp311-cp311-macosx_11_0_arm64.whl", hash = "sha256:a75801768bbe65499495660b777e018cbe90c7980f07f8aa57d6be79ea6f71da", size = 45934 },
    { url = "https://files.pythonhosted.org/packages/59/f9/4c0a5cf6974c2c43b1a6810c40d889769cc8f84cea676cbe1e62766a45f8/propcache-0.3.1-cp311-cp311-manylinux_2_17_aarch64.manylinux2014_aarch64.whl", hash = "sha256:f6f1324db48f001c2ca26a25fa25af60711e09b9aaf4b28488602776f4f9a744", size = 233633 },
    { url = "https://files.pythonhosted.org/packages/e7/64/66f2f4d1b4f0007c6e9078bd95b609b633d3957fe6dd23eac33ebde4b584/propcache-0.3.1-cp311-cp311-manylinux_2_17_ppc64le.manylinux2014_ppc64le.whl", hash = "sha256:5cdb0f3e1eb6dfc9965d19734d8f9c481b294b5274337a8cb5cb01b462dcb7e0", size = 241124 },
    { url = "https://files.pythonhosted.org/packages/aa/bf/7b8c9fd097d511638fa9b6af3d986adbdf567598a567b46338c925144c1b/propcache-0.3.1-cp311-cp311-manylinux_2_17_s390x.manylinux2014_s390x.whl", hash = "sha256:1eb34d90aac9bfbced9a58b266f8946cb5935869ff01b164573a7634d39fbcb5", size = 240283 },
    { url = "https://files.pythonhosted.org/packages/fa/c9/e85aeeeaae83358e2a1ef32d6ff50a483a5d5248bc38510d030a6f4e2816/propcache-0.3.1-cp311-cp311-manylinux_2_17_x86_64.manylinux2014_x86_64.whl", hash = "sha256:f35c7070eeec2cdaac6fd3fe245226ed2a6292d3ee8c938e5bb645b434c5f256", size = 232498 },
    { url = "https://files.pythonhosted.org/packages/8e/66/acb88e1f30ef5536d785c283af2e62931cb934a56a3ecf39105887aa8905/propcache-0.3.1-cp311-cp311-manylinux_2_5_i686.manylinux1_i686.manylinux_2_17_i686.manylinux2014_i686.whl", hash = "sha256:b23c11c2c9e6d4e7300c92e022046ad09b91fd00e36e83c44483df4afa990073", size = 221486 },
    { url = "https://files.pythonhosted.org/packages/f5/f9/233ddb05ffdcaee4448508ee1d70aa7deff21bb41469ccdfcc339f871427/propcache-0.3.1-cp311-cp311-musllinux_1_2_aarch64.whl", hash = "sha256:3e19ea4ea0bf46179f8a3652ac1426e6dcbaf577ce4b4f65be581e237340420d", size = 222675 },
    { url = "https://files.pythonhosted.org/packages/98/b8/eb977e28138f9e22a5a789daf608d36e05ed93093ef12a12441030da800a/propcache-0.3.1-cp311-cp311-musllinux_1_2_armv7l.whl", hash = "sha256:bd39c92e4c8f6cbf5f08257d6360123af72af9f4da75a690bef50da77362d25f", size = 215727 },
    { url = "https://files.pythonhosted.org/packages/89/2d/5f52d9c579f67b8ee1edd9ec073c91b23cc5b7ff7951a1e449e04ed8fdf3/propcache-0.3.1-cp311-cp311-musllinux_1_2_i686.whl", hash = "sha256:b0313e8b923b3814d1c4a524c93dfecea5f39fa95601f6a9b1ac96cd66f89ea0", size = 217878 },
    { url = "https://files.pythonhosted.org/packages/7a/fd/5283e5ed8a82b00c7a989b99bb6ea173db1ad750bf0bf8dff08d3f4a4e28/propcache-0.3.1-cp311-cp311-musllinux_1_2_ppc64le.whl", hash = "sha256:e861ad82892408487be144906a368ddbe2dc6297074ade2d892341b35c59844a", size = 230558 },
    { url = "https://files.pythonhosted.org/packages/90/38/ab17d75938ef7ac87332c588857422ae126b1c76253f0f5b1242032923ca/propcache-0.3.1-cp311-cp311-musllinux_1_2_s390x.whl", hash = "sha256:61014615c1274df8da5991a1e5da85a3ccb00c2d4701ac6f3383afd3ca47ab0a", size = 233754 },
    { url = "https://files.pythonhosted.org/packages/06/5d/3b921b9c60659ae464137508d3b4c2b3f52f592ceb1964aa2533b32fcf0b/propcache-0.3.1-cp311-cp311-musllinux_1_2_x86_64.whl", hash = "sha256:71ebe3fe42656a2328ab08933d420df5f3ab121772eef78f2dc63624157f0ed9", size = 226088 },
    { url = "https://files.pythonhosted.org/packages/54/6e/30a11f4417d9266b5a464ac5a8c5164ddc9dd153dfa77bf57918165eb4ae/propcache-0.3.1-cp311-cp311-win32.whl", hash = "sha256:58aa11f4ca8b60113d4b8e32d37e7e78bd8af4d1a5b5cb4979ed856a45e62005", size = 40859 },
    { url = "https://files.pythonhosted.org/packages/1d/3a/8a68dd867da9ca2ee9dfd361093e9cb08cb0f37e5ddb2276f1b5177d7731/propcache-0.3.1-cp311-cp311-win_amd64.whl", hash = "sha256:9532ea0b26a401264b1365146c440a6d78269ed41f83f23818d4b79497aeabe7", size = 45153 },
    { url = "https://files.pythonhosted.org/packages/b8/d3/c3cb8f1d6ae3b37f83e1de806713a9b3642c5895f0215a62e1a4bd6e5e34/propcache-0.3.1-py3-none-any.whl", hash = "sha256:9a8ecf38de50a7f518c21568c80f985e776397b902f1ce0b01f799aba1608b40", size = 12376 },
]

[[package]]
name = "psycopg"
version = "3.2.6"
source = { registry = "https://pypi.org/simple" }
dependencies = [
    { name = "typing-extensions" },
    { name = "tzdata", marker = "sys_platform == 'win32'" },
]
sdist = { url = "https://files.pythonhosted.org/packages/67/97/eea08f74f1c6dd2a02ee81b4ebfe5b558beb468ebbd11031adbf58d31be0/psycopg-3.2.6.tar.gz", hash = "sha256:16fa094efa2698f260f2af74f3710f781e4a6f226efe9d1fd0c37f384639ed8a", size = 156322 }
wheels = [
    { url = "https://files.pythonhosted.org/packages/d7/7d/0ba52deff71f65df8ec8038adad86ba09368c945424a9bd8145d679a2c6a/psycopg-3.2.6-py3-none-any.whl", hash = "sha256:f3ff5488525890abb0566c429146add66b329e20d6d4835662b920cbbf90ac58", size = 199077 },
]

[[package]]
name = "pydantic"
version = "2.11.3"
source = { registry = "https://pypi.org/simple" }
dependencies = [
    { name = "annotated-types" },
    { name = "pydantic-core" },
    { name = "typing-extensions" },
    { name = "typing-inspection" },
]
sdist = { url = "https://files.pythonhosted.org/packages/10/2e/ca897f093ee6c5f3b0bee123ee4465c50e75431c3d5b6a3b44a47134e891/pydantic-2.11.3.tar.gz", hash = "sha256:7471657138c16adad9322fe3070c0116dd6c3ad8d649300e3cbdfe91f4db4ec3", size = 785513 }
wheels = [
    { url = "https://files.pythonhosted.org/packages/b0/1d/407b29780a289868ed696d1616f4aad49d6388e5a77f567dcd2629dcd7b8/pydantic-2.11.3-py3-none-any.whl", hash = "sha256:a082753436a07f9ba1289c6ffa01cd93db3548776088aa917cc43b63f68fa60f", size = 443591 },
]

[[package]]
name = "pydantic-core"
version = "2.33.1"
source = { registry = "https://pypi.org/simple" }
dependencies = [
    { name = "typing-extensions" },
]
sdist = { url = "https://files.pythonhosted.org/packages/17/19/ed6a078a5287aea7922de6841ef4c06157931622c89c2a47940837b5eecd/pydantic_core-2.33.1.tar.gz", hash = "sha256:bcc9c6fdb0ced789245b02b7d6603e17d1563064ddcfc36f046b61c0c05dd9df", size = 434395 }
wheels = [
    { url = "https://files.pythonhosted.org/packages/d6/7f/c6298830cb780c46b4f46bb24298d01019ffa4d21769f39b908cd14bbd50/pydantic_core-2.33.1-cp311-cp311-macosx_10_12_x86_64.whl", hash = "sha256:6e966fc3caaf9f1d96b349b0341c70c8d6573bf1bac7261f7b0ba88f96c56c24", size = 2044224 },
    { url = "https://files.pythonhosted.org/packages/a8/65/6ab3a536776cad5343f625245bd38165d6663256ad43f3a200e5936afd6c/pydantic_core-2.33.1-cp311-cp311-macosx_11_0_arm64.whl", hash = "sha256:bfd0adeee563d59c598ceabddf2c92eec77abcb3f4a391b19aa7366170bd9e30", size = 1858845 },
    { url = "https://files.pythonhosted.org/packages/e9/15/9a22fd26ba5ee8c669d4b8c9c244238e940cd5d818649603ca81d1c69861/pydantic_core-2.33.1-cp311-cp311-manylinux_2_17_aarch64.manylinux2014_aarch64.whl", hash = "sha256:91815221101ad3c6b507804178a7bb5cb7b2ead9ecd600041669c8d805ebd595", size = 1910029 },
    { url = "https://files.pythonhosted.org/packages/d5/33/8cb1a62818974045086f55f604044bf35b9342900318f9a2a029a1bec460/pydantic_core-2.33.1-cp311-cp311-manylinux_2_17_armv7l.manylinux2014_armv7l.whl", hash = "sha256:9fea9c1869bb4742d174a57b4700c6dadea951df8b06de40c2fedb4f02931c2e", size = 1997784 },
    { url = "https://files.pythonhosted.org/packages/c0/ca/49958e4df7715c71773e1ea5be1c74544923d10319173264e6db122543f9/pydantic_core-2.33.1-cp311-cp311-manylinux_2_17_ppc64le.manylinux2014_ppc64le.whl", hash = "sha256:1d20eb4861329bb2484c021b9d9a977566ab16d84000a57e28061151c62b349a", size = 2141075 },
    { url = "https://files.pythonhosted.org/packages/7b/a6/0b3a167a9773c79ba834b959b4e18c3ae9216b8319bd8422792abc8a41b1/pydantic_core-2.33.1-cp311-cp311-manylinux_2_17_s390x.manylinux2014_s390x.whl", hash = "sha256:0fb935c5591573ae3201640579f30128ccc10739b45663f93c06796854405505", size = 2745849 },
    { url = "https://files.pythonhosted.org/packages/0b/60/516484135173aa9e5861d7a0663dce82e4746d2e7f803627d8c25dfa5578/pydantic_core-2.33.1-cp311-cp311-manylinux_2_17_x86_64.manylinux2014_x86_64.whl", hash = "sha256:c964fd24e6166420d18fb53996d8c9fd6eac9bf5ae3ec3d03015be4414ce497f", size = 2005794 },
    { url = "https://files.pythonhosted.org/packages/86/70/05b1eb77459ad47de00cf78ee003016da0cedf8b9170260488d7c21e9181/pydantic_core-2.33.1-cp311-cp311-manylinux_2_5_i686.manylinux1_i686.whl", hash = "sha256:681d65e9011f7392db5aa002b7423cc442d6a673c635668c227c6c8d0e5a4f77", size = 2123237 },
    { url = "https://files.pythonhosted.org/packages/c7/57/12667a1409c04ae7dc95d3b43158948eb0368e9c790be8b095cb60611459/pydantic_core-2.33.1-cp311-cp311-musllinux_1_1_aarch64.whl", hash = "sha256:e100c52f7355a48413e2999bfb4e139d2977a904495441b374f3d4fb4a170961", size = 2086351 },
    { url = "https://files.pythonhosted.org/packages/57/61/cc6d1d1c1664b58fdd6ecc64c84366c34ec9b606aeb66cafab6f4088974c/pydantic_core-2.33.1-cp311-cp311-musllinux_1_1_armv7l.whl", hash = "sha256:048831bd363490be79acdd3232f74a0e9951b11b2b4cc058aeb72b22fdc3abe1", size = 2258914 },
    { url = "https://files.pythonhosted.org/packages/d1/0a/edb137176a1f5419b2ddee8bde6a0a548cfa3c74f657f63e56232df8de88/pydantic_core-2.33.1-cp311-cp311-musllinux_1_1_x86_64.whl", hash = "sha256:bdc84017d28459c00db6f918a7272a5190bec3090058334e43a76afb279eac7c", size = 2257385 },
    { url = "https://files.pythonhosted.org/packages/26/3c/48ca982d50e4b0e1d9954919c887bdc1c2b462801bf408613ccc641b3daa/pydantic_core-2.33.1-cp311-cp311-win32.whl", hash = "sha256:32cd11c5914d1179df70406427097c7dcde19fddf1418c787540f4b730289896", size = 1923765 },
    { url = "https://files.pythonhosted.org/packages/33/cd/7ab70b99e5e21559f5de38a0928ea84e6f23fdef2b0d16a6feaf942b003c/pydantic_core-2.33.1-cp311-cp311-win_amd64.whl", hash = "sha256:2ea62419ba8c397e7da28a9170a16219d310d2cf4970dbc65c32faf20d828c83", size = 1950688 },
    { url = "https://files.pythonhosted.org/packages/4b/ae/db1fc237b82e2cacd379f63e3335748ab88b5adde98bf7544a1b1bd10a84/pydantic_core-2.33.1-cp311-cp311-win_arm64.whl", hash = "sha256:fc903512177361e868bc1f5b80ac8c8a6e05fcdd574a5fb5ffeac5a9982b9e89", size = 1908185 },
    { url = "https://files.pythonhosted.org/packages/0b/76/1794e440c1801ed35415238d2c728f26cd12695df9057154ad768b7b991c/pydantic_core-2.33.1-pp311-pypy311_pp73-macosx_10_12_x86_64.whl", hash = "sha256:3a371dc00282c4b84246509a5ddc808e61b9864aa1eae9ecc92bb1268b82db4a", size = 2042858 },
    { url = "https://files.pythonhosted.org/packages/73/b4/9cd7b081fb0b1b4f8150507cd59d27b275c3e22ad60b35cb19ea0977d9b9/pydantic_core-2.33.1-pp311-pypy311_pp73-macosx_11_0_arm64.whl", hash = "sha256:f59295ecc75a1788af8ba92f2e8c6eeaa5a94c22fc4d151e8d9638814f85c8fc", size = 1873745 },
    { url = "https://files.pythonhosted.org/packages/e1/d7/9ddb7575d4321e40d0363903c2576c8c0c3280ebea137777e5ab58d723e3/pydantic_core-2.33.1-pp311-pypy311_pp73-manylinux_2_17_aarch64.manylinux2014_aarch64.whl", hash = "sha256:08530b8ac922003033f399128505f513e30ca770527cc8bbacf75a84fcc2c74b", size = 1904188 },
    { url = "https://files.pythonhosted.org/packages/d1/a8/3194ccfe461bb08da19377ebec8cb4f13c9bd82e13baebc53c5c7c39a029/pydantic_core-2.33.1-pp311-pypy311_pp73-manylinux_2_17_x86_64.manylinux2014_x86_64.whl", hash = "sha256:bae370459da6a5466978c0eacf90690cb57ec9d533f8e63e564ef3822bfa04fe", size = 2083479 },
    { url = "https://files.pythonhosted.org/packages/42/c7/84cb569555d7179ca0b3f838cef08f66f7089b54432f5b8599aac6e9533e/pydantic_core-2.33.1-pp311-pypy311_pp73-manylinux_2_5_i686.manylinux1_i686.whl", hash = "sha256:e3de2777e3b9f4d603112f78006f4ae0acb936e95f06da6cb1a45fbad6bdb4b5", size = 2118415 },
    { url = "https://files.pythonhosted.org/packages/3b/67/72abb8c73e0837716afbb58a59cc9e3ae43d1aa8677f3b4bc72c16142716/pydantic_core-2.33.1-pp311-pypy311_pp73-musllinux_1_1_aarch64.whl", hash = "sha256:3a64e81e8cba118e108d7126362ea30e021291b7805d47e4896e52c791be2761", size = 2079623 },
    { url = "https://files.pythonhosted.org/packages/0b/cd/c59707e35a47ba4cbbf153c3f7c56420c58653b5801b055dc52cccc8e2dc/pydantic_core-2.33.1-pp311-pypy311_pp73-musllinux_1_1_armv7l.whl", hash = "sha256:52928d8c1b6bda03cc6d811e8923dffc87a2d3c8b3bfd2ce16471c7147a24850", size = 2250175 },
    { url = "https://files.pythonhosted.org/packages/84/32/e4325a6676b0bed32d5b084566ec86ed7fd1e9bcbfc49c578b1755bde920/pydantic_core-2.33.1-pp311-pypy311_pp73-musllinux_1_1_x86_64.whl", hash = "sha256:1b30d92c9412beb5ac6b10a3eb7ef92ccb14e3f2a8d7732e2d739f58b3aa7544", size = 2254674 },
    { url = "https://files.pythonhosted.org/packages/12/6f/5596dc418f2e292ffc661d21931ab34591952e2843e7168ea5a52591f6ff/pydantic_core-2.33.1-pp311-pypy311_pp73-win_amd64.whl", hash = "sha256:f995719707e0e29f0f41a8aa3bcea6e761a36c9136104d3189eafb83f5cec5e5", size = 2080951 },
]

[[package]]
name = "python-dateutil"
version = "2.9.0.post0"
source = { registry = "https://pypi.org/simple" }
dependencies = [
    { name = "six" },
]
sdist = { url = "https://files.pythonhosted.org/packages/66/c0/0c8b6ad9f17a802ee498c46e004a0eb49bc148f2fd230864601a86dcf6db/python-dateutil-2.9.0.post0.tar.gz", hash = "sha256:37dd54208da7e1cd875388217d5e00ebd4179249f90fb72437e91a35459a0ad3", size = 342432 }
wheels = [
    { url = "https://files.pythonhosted.org/packages/ec/57/56b9bcc3c9c6a792fcbaf139543cee77261f3651ca9da0c93f5c1221264b/python_dateutil-2.9.0.post0-py2.py3-none-any.whl", hash = "sha256:a8b2bc7bffae282281c8140a97d3aa9c14da0b136dfe83f850eea9a5f7470427", size = 229892 },
]

[[package]]
name = "python-dotenv"
version = "1.0.1"
source = { registry = "https://pypi.org/simple" }
sdist = { url = "https://files.pythonhosted.org/packages/bc/57/e84d88dfe0aec03b7a2d4327012c1627ab5f03652216c63d49846d7a6c58/python-dotenv-1.0.1.tar.gz", hash = "sha256:e324ee90a023d808f1959c46bcbc04446a10ced277783dc6ee09987c37ec10ca", size = 39115 }
wheels = [
    { url = "https://files.pythonhosted.org/packages/6a/3e/b68c118422ec867fa7ab88444e1274aa40681c606d59ac27de5a5588f082/python_dotenv-1.0.1-py3-none-any.whl", hash = "sha256:f7b63ef50f1b690dddf550d03497b66d609393b40b564ed0d674909a68ebf16a", size = 19863 },
]

[[package]]
name = "s3transfer"
version = "0.10.4"
source = { registry = "https://pypi.org/simple" }
dependencies = [
    { name = "botocore" },
]
sdist = { url = "https://files.pythonhosted.org/packages/c0/0a/1cdbabf9edd0ea7747efdf6c9ab4e7061b085aa7f9bfc36bb1601563b069/s3transfer-0.10.4.tar.gz", hash = "sha256:29edc09801743c21eb5ecbc617a152df41d3c287f67b615f73e5f750583666a7", size = 145287 }
wheels = [
    { url = "https://files.pythonhosted.org/packages/66/05/7957af15543b8c9799209506df4660cba7afc4cf94bfb60513827e96bed6/s3transfer-0.10.4-py3-none-any.whl", hash = "sha256:244a76a24355363a68164241438de1b72f8781664920260c48465896b712a41e", size = 83175 },
]

[[package]]
name = "six"
version = "1.17.0"
source = { registry = "https://pypi.org/simple" }
sdist = { url = "https://files.pythonhosted.org/packages/94/e7/b2c673351809dca68a0e064b6af791aa332cf192da575fd474ed7d6f16a2/six-1.17.0.tar.gz", hash = "sha256:ff70335d468e7eb6ec65b95b99d3a2836546063f63acc5171de367e834932a81", size = 34031 }
wheels = [
    { url = "https://files.pythonhosted.org/packages/b7/ce/149a00dd41f10bc29e5921b496af8b574d8413afcd5e30dfa0ed46c2cc5e/six-1.17.0-py2.py3-none-any.whl", hash = "sha256:4721f391ed90541fddacab5acf947aa0d3dc7d27b2e1e8eda2be8970586c3274", size = 11050 },
]

[[package]]
name = "sniffio"
version = "1.3.1"
source = { registry = "https://pypi.org/simple" }
sdist = { url = "https://files.pythonhosted.org/packages/a2/87/a6771e1546d97e7e041b6ae58d80074f81b7d5121207425c964ddf5cfdbd/sniffio-1.3.1.tar.gz", hash = "sha256:f4324edc670a0f49750a81b895f35c3adb843cca46f0530f79fc1babb23789dc", size = 20372 }
wheels = [
    { url = "https://files.pythonhosted.org/packages/e9/44/75a9c9421471a6c4805dbf2356f7c181a29c1879239abab1ea2cc8f38b40/sniffio-1.3.1-py3-none-any.whl", hash = "sha256:2f6da418d1f1e0fddd844478f41680e794e6051915791a034ff65e5f100525a2", size = 10235 },
]

[[package]]
name = "starlette"
version = "0.36.3"
source = { registry = "https://pypi.org/simple" }
dependencies = [
    { name = "anyio" },
]
sdist = { url = "https://files.pythonhosted.org/packages/be/47/1bba49d42d63f4453f0a64a20acbf2d0bd2f5a8cde6a166ee66c074a08f8/starlette-0.36.3.tar.gz", hash = "sha256:90a671733cfb35771d8cc605e0b679d23b992f8dcfad48cc60b38cb29aeb7080", size = 2842113 }
wheels = [
    { url = "https://files.pythonhosted.org/packages/eb/f7/372e3953b6e6fbfe0b70a1bb52612eae16e943f4288516480860fcd4ac41/starlette-0.36.3-py3-none-any.whl", hash = "sha256:13d429aa93a61dc40bf503e8c801db1f1bca3dc706b10ef2434a36123568f044", size = 71481 },
]

[[package]]
name = "stock-scraper"
version = "0.1.0"
source = { editable = "." }
dependencies = [
    { name = "aiohttp" },
    { name = "apscheduler" },
    { name = "boto3" },
    { name = "fastapi" },
    { name = "psycopg" },
    { name = "python-dotenv" },
]

[package.metadata]
requires-dist = [
    { name = "aiohttp", specifier = "==3.9.3" },
    { name = "apscheduler", specifier = "==3.11.0" },
    { name = "boto3", specifier = "==1.35.23" },
    { name = "fastapi", specifier = "==0.110.0" },
    { name = "psycopg", specifier = "==3.2.6" },
    { name = "python-dotenv", specifier = "==1.0.1" },
]

[[package]]
name = "typing-extensions"
version = "4.13.2"
source = { registry = "https://pypi.org/simple" }
sdist = { url = "https://files.pythonhosted.org/packages/f6/37/23083fcd6e35492953e8d2aaaa68b860eb422b34627b13f2ce3eb6106061/typing_extensions-4.13.2.tar.gz", hash = "sha256:e6c81219bd689f51865d9e372991c540bda33a0379d5573cddb9a3a23f7caaef", size = 106967 }
wheels = [
    { url = "https://files.pythonhosted.org/packages/8b/54/b1ae86c0973cc6f0210b53d508ca3641fb6d0c56823f288d108bc7ab3cc8/typing_extensions-4.13.2-py3-none-any.whl", hash = "sha256:a439e7c04b49fec3e5d3e2beaa21755cadbbdc391694e28ccdd36ca4a1408f8c", size = 45806 },
]

[[package]]
name = "typing-inspection"
version = "0.4.0"
source = { registry = "https://pypi.org/simple" }
dependencies = [
    { name = "typing-extensions" },
]
sdist = { url = "https://files.pythonhosted.org/packages/82/5c/e6082df02e215b846b4b8c0b887a64d7d08ffaba30605502639d44c06b82/typing_inspection-0.4.0.tar.gz", hash = "sha256:9765c87de36671694a67904bf2c96e395be9c6439bb6c87b5142569dcdd65122", size = 76222 }
wheels = [
    { url = "https://files.pythonhosted.org/packages/31/08/aa4fdfb71f7de5176385bd9e90852eaf6b5d622735020ad600f2bab54385/typing_inspection-0.4.0-py3-none-any.whl", hash = "sha256:50e72559fcd2a6367a19f7a7e610e6afcb9fac940c650290eed893d61386832f", size = 14125 },
]

[[package]]
name = "tzdata"
version = "2025.2"
source = { registry = "https://pypi.org/simple" }
sdist = { url = "https://files.pythonhosted.org/packages/95/32/1a225d6164441be760d75c2c42e2780dc0873fe382da3e98a2e1e48361e5/tzdata-2025.2.tar.gz", hash = "sha256:b60a638fcc0daffadf82fe0f57e53d06bdec2f36c4df66280ae79bce6bd6f2b9", size = 196380 }
wheels = [
    { url = "https://files.pythonhosted.org/packages/5c/23/c7abc0ca0a1526a0774eca151daeb8de62ec457e77262b66b359c3c7679e/tzdata-2025.2-py2.py3-none-any.whl", hash = "sha256:1a403fada01ff9221ca8044d701868fa132215d84beb92242d9acd2147f667a8", size = 347839 },
]

[[package]]
name = "tzlocal"
version = "5.3.1"
source = { registry = "https://pypi.org/simple" }
dependencies = [
    { name = "tzdata", marker = "sys_platform == 'win32'" },
]
sdist = { url = "https://files.pythonhosted.org/packages/8b/2e/c14812d3d4d9cd1773c6be938f89e5735a1f11a9f184ac3639b93cef35d5/tzlocal-5.3.1.tar.gz", hash = "sha256:cceffc7edecefea1f595541dbd6e990cb1ea3d19bf01b2809f362a03dd7921fd", size = 30761 }
wheels = [
    { url = "https://files.pythonhosted.org/packages/c2/14/e2a54fabd4f08cd7af1c07030603c3356b74da07f7cc056e600436edfa17/tzlocal-5.3.1-py3-none-any.whl", hash = "sha256:eb1a66c3ef5847adf7a834f1be0800581b683b5608e74f86ecbcef8ab91bb85d", size = 18026 },
]

[[package]]
name = "urllib3"
version = "2.4.0"
source = { registry = "https://pypi.org/simple" }
sdist = { url = "https://files.pythonhosted.org/packages/8a/78/16493d9c386d8e60e442a35feac5e00f0913c0f4b7c217c11e8ec2ff53e0/urllib3-2.4.0.tar.gz", hash = "sha256:414bc6535b787febd7567804cc015fee39daab8ad86268f1310a9250697de466", size = 390672 }
wheels = [
    { url = "https://files.pythonhosted.org/packages/6b/11/cc635220681e93a0183390e26485430ca2c7b5f9d33b15c74c2861cb8091/urllib3-2.4.0-py3-none-any.whl", hash = "sha256:4e16665048960a0900c702d4a66415956a584919c03361cac9f1df5c5dd7e813", size = 128680 },
]

[[package]]
name = "yarl"
version = "1.19.0"
source = { registry = "https://pypi.org/simple" }
dependencies = [
    { name = "idna" },
    { name = "multidict" },
    { name = "propcache" },
]
sdist = { url = "https://files.pythonhosted.org/packages/fc/4d/8a8f57caccce49573e567744926f88c6ab3ca0b47a257806d1cf88584c5f/yarl-1.19.0.tar.gz", hash = "sha256:01e02bb80ae0dbed44273c304095295106e1d9470460e773268a27d11e594892", size = 184396 }
wheels = [
    { url = "https://files.pythonhosted.org/packages/9b/df/5fa7cd75e46306e0f9baf38a7c8969ff6730ea503b86232e85cb740304cf/yarl-1.19.0-cp311-cp311-macosx_10_9_universal2.whl", hash = "sha256:163ff326680de5f6d4966954cf9e3fe1bf980f5fee2255e46e89b8cf0f3418b5", size = 145126 },
    { url = "https://files.pythonhosted.org/packages/2a/be/c1b52129cd2166ab7337f08e701a61baa7c260c7b03b534098cc8297aecc/yarl-1.19.0-cp311-cp311-macosx_10_9_x86_64.whl", hash = "sha256:a626c4d9cca298d1be8625cff4b17004a9066330ac82d132bbda64a4c17c18d3", size = 96691 },
    { url = "https://files.pythonhosted.org/packages/8d/39/ad62139b45515f9bf129c805aeaaedf86fd93ae57ffe911f4caeabef3e74/yarl-1.19.0-cp311-cp311-macosx_11_0_arm64.whl", hash = "sha256:961c3e401ea7f13d02b8bb7cb0c709152a632a6e14cdc8119e9c6ee5596cd45d", size = 94505 },
    { url = "https://files.pythonhosted.org/packages/be/be/04e3202cdc9bb5f81761e327af7095cffb0d81e32421a6b87f926052d2ae/yarl-1.19.0-cp311-cp311-manylinux_2_17_aarch64.manylinux2014_aarch64.whl", hash = "sha256:a39d7b807ab58e633ed760f80195cbd145b58ba265436af35f9080f1810dfe64", size = 355485 },
    { url = "https://files.pythonhosted.org/packages/00/7d/1463203663ca1ae62af8fb9ebc9601dd07f04dbced7edb1df3141a2cb2fe/yarl-1.19.0-cp311-cp311-manylinux_2_17_armv7l.manylinux2014_armv7l.manylinux_2_31_armv7l.whl", hash = "sha256:c4228978fb59c6b10f60124ba8e311c26151e176df364e996f3f8ff8b93971b5", size = 344569 },
    { url = "https://files.pythonhosted.org/packages/b0/1b/5263203017348669e637bb73856fb9632110538e92d5e9f8214fcc764da9/yarl-1.19.0-cp311-cp311-manylinux_2_17_ppc64le.manylinux2014_ppc64le.whl", hash = "sha256:9ba536b17ecf3c74a94239ec1137a3ad3caea8c0e4deb8c8d2ffe847d870a8c5", size = 371426 },
    { url = "https://files.pythonhosted.org/packages/78/59/90ca5f16d56b7741e5383951acc2e065fce41920eb5d8fda3065b5e288dc/yarl-1.19.0-cp311-cp311-manylinux_2_17_s390x.manylinux2014_s390x.whl", hash = "sha256:a251e00e445d2e9df7b827c9843c0b87f58a3254aaa3f162fb610747491fe00f", size = 368102 },
    { url = "https://files.pythonhosted.org/packages/84/f2/5e33aa0251ffd2c2a9041bf887e163eeefdc1dca238fdabac444d9463c3f/yarl-1.19.0-cp311-cp311-manylinux_2_17_x86_64.manylinux2014_x86_64.whl", hash = "sha256:f9b92431d8b4d4ca5ccbfdbac95b05a3a6cd70cd73aa62f32f9627acfde7549c", size = 358740 },
    { url = "https://files.pythonhosted.org/packages/22/9e/ba92d234c81cf94495fc01eaa0b6000175733f76bd63e60ff748bce22c81/yarl-1.19.0-cp311-cp311-manylinux_2_5_i686.manylinux1_i686.manylinux_2_17_i686.manylinux2014_i686.whl", hash = "sha256:ec2f56edaf476f70b5831bbd59700b53d9dd011b1f77cd4846b5ab5c5eafdb3f", size = 346965 },
    { url = "https://files.pythonhosted.org/packages/8d/0b/d4f53136ef12ddad540855a886d7503a6cc17cfabb9a03ce0c179f3b9e51/yarl-1.19.0-cp311-cp311-musllinux_1_2_aarch64.whl", hash = "sha256:acf9b92c4245ac8b59bc7ec66a38d3dcb8d1f97fac934672529562bb824ecadb", size = 368547 },
    { url = "https://files.pythonhosted.org/packages/31/4b/35ec8622908a728f378a8511f0ab2d47878b2c0b8cbe035f2d907914a5fc/yarl-1.19.0-cp311-cp311-musllinux_1_2_armv7l.whl", hash = "sha256:57711f1465c06fee8825b95c0b83e82991e6d9425f9a042c3c19070a70ac92bf", size = 357610 },
    { url = "https://files.pythonhosted.org/packages/c1/71/1f39f7c55b0684834d945a2bcfdfe59e6e02ca2483a3d33c2f77a0c3b177/yarl-1.19.0-cp311-cp311-musllinux_1_2_i686.whl", hash = "sha256:528e86f5b1de0ad8dd758ddef4e0ed24f5d946d4a1cef80ffb2d4fca4e10f122", size = 365331 },
    { url = "https://files.pythonhosted.org/packages/2e/13/57675964de5c8ccf6427df93ac97f9bb7328f3f8f7ebc31a5f5a286ab1c0/yarl-1.19.0-cp311-cp311-musllinux_1_2_ppc64le.whl", hash = "sha256:3b77173663e075d9e5a57e09d711e9da2f3266be729ecca0b8ae78190990d260", size = 378624 },
    { url = "https://files.pythonhosted.org/packages/d4/c6/5868e40f8da041ed0c3b5fd8c08cece849d9f609e970e6043308767fbb60/yarl-1.19.0-cp311-cp311-musllinux_1_2_s390x.whl", hash = "sha256:d8717924cf0a825b62b1a96fc7d28aab7f55a81bf5338b8ef41d7a76ab9223e9", size = 383981 },
    { url = "https://files.pythonhosted.org/packages/f4/3f/e40124c986d96741d3d341ffac35be42b6df82ef8c18b5984ca2e7d838dd/yarl-1.19.0-cp311-cp311-musllinux_1_2_x86_64.whl", hash = "sha256:0df9f0221a78d858793f40cbea3915c29f969c11366646a92ca47e080a14f881", size = 378868 },
    { url = "https://files.pythonhosted.org/packages/01/eb/caf2774c770288bd87a818b11f3a56ada6a855f1987d93421aae01a175bf/yarl-1.19.0-cp311-cp311-win32.whl", hash = "sha256:8b3ade62678ee2c7c10dcd6be19045135e9badad53108f7d2ed14896ee396045", size = 86446 },
    { url = "https://files.pythonhosted.org/packages/4a/97/d4fe6168c1bb789507ffeb58c2e8c675a7e71de732dc02e12bda904c1362/yarl-1.19.0-cp311-cp311-win_amd64.whl", hash = "sha256:0626ee31edb23ac36bdffe607231de2cca055ad3a5e2dc5da587ef8bc6a321bc", size = 93121 },
    { url = "https://files.pythonhosted.org/packages/a4/06/ae25a353e8f032322df6f30d6bb1fc329773ee48e1a80a2196ccb8d1206b/yarl-1.19.0-py3-none-any.whl", hash = "sha256:a727101eb27f66727576630d02985d8a065d09cd0b5fcbe38a5793f71b2a97ef", size = 45990 },
]
